// !$*UTF8*$!
{
	archiveVersion = 1;
	classes = {
	};
	objectVersion = 46;
	objects = {

/* Begin PBXBuildFile section */
		A516D9692195DFBD0055E52E /* AppDelegate.swift in Sources */ = {isa = PBXBuildFile; fileRef = A516D9682195DFBD0055E52E /* AppDelegate.swift */; };
		A516D96B2195DFBD0055E52E /* ViewController.swift in Sources */ = {isa = PBXBuildFile; fileRef = A516D96A2195DFBD0055E52E /* ViewController.swift */; };
		A516D96E2195DFBD0055E52E /* Main.storyboard in Resources */ = {isa = PBXBuildFile; fileRef = A516D96C2195DFBD0055E52E /* Main.storyboard */; };
		A516D9702195DFBD0055E52E /* Assets.xcassets in Resources */ = {isa = PBXBuildFile; fileRef = A516D96F2195DFBD0055E52E /* Assets.xcassets */; };
		A516D9732195DFBD0055E52E /* LaunchScreen.storyboard in Resources */ = {isa = PBXBuildFile; fileRef = A516D9712195DFBD0055E52E /* LaunchScreen.storyboard */; };
/* End PBXBuildFile section */

/* Begin PBXFileReference section */
		A516D9652195DFBD0055E52E /* table-ios-tutorial.app */ = {isa = PBXFileReference; explicitFileType = wrapper.application; includeInIndex = 0; path = "table-ios-tutorial.app"; sourceTree = BUILT_PRODUCTS_DIR; };
		A516D9682195DFBD0055E52E /* AppDelegate.swift */ = {isa = PBXFileReference; lastKnownFileType = sourcecode.swift; path = AppDelegate.swift; sourceTree = "<group>"; };
		A516D96A2195DFBD0055E52E /* ViewController.swift */ = {isa = PBXFileReference; lastKnownFileType = sourcecode.swift; path = ViewController.swift; sourceTree = "<group>"; };
		A516D96D2195DFBD0055E52E /* Base */ = {isa = PBXFileReference; lastKnownFileType = file.storyboard; name = Base; path = Base.lproj/Main.storyboard; sourceTree = "<group>"; };
		A516D96F2195DFBD0055E52E /* Assets.xcassets */ = {isa = PBXFileReference; lastKnownFileType = folder.assetcatalog; path = Assets.xcassets; sourceTree = "<group>"; };
		A516D9722195DFBD0055E52E /* Base */ = {isa = PBXFileReference; lastKnownFileType = file.storyboard; name = Base; path = Base.lproj/LaunchScreen.storyboard; sourceTree = "<group>"; };
		A516D9742195DFBD0055E52E /* Info.plist */ = {isa = PBXFileReference; lastKnownFileType = text.plist.xml; path = Info.plist; sourceTree = "<group>"; };
/* End PBXFileReference section */

/* Begin PBXFrameworksBuildPhase section */
		A516D9622195DFBD0055E52E /* Frameworks */ = {
			isa = PBXFrameworksBuildPhase;
			buildActionMask = 2147483647;
			files = (
			);
			runOnlyForDeploymentPostprocessing = 0;
		};
/* End PBXFrameworksBuildPhase section */

/* Begin PBXGroup section */
		A516D95C2195DFBD0055E52E = {
			isa = PBXGroup;
			children = (
				A516D9672195DFBD0055E52E /* table-ios-tutorial */,
				A516D9662195DFBD0055E52E /* Products */,
			);
			sourceTree = "<group>";
		};
		A516D9662195DFBD0055E52E /* Products */ = {
			isa = PBXGroup;
			children = (
				A516D9652195DFBD0055E52E /* table-ios-tutorial.app */,
			);
			name = Products;
			sourceTree = "<group>";
		};
		A516D9672195DFBD0055E52E /* table-ios-tutorial */ = {
			isa = PBXGroup;
			children = (
				A516D9682195DFBD0055E52E /* AppDelegate.swift */,
				A516D96A2195DFBD0055E52E /* ViewController.swift */,
				A516D96C2195DFBD0055E52E /* Main.storyboard */,
				A516D96F2195DFBD0055E52E /* Assets.xcassets */,
				A516D9712195DFBD0055E52E /* LaunchScreen.storyboard */,
				A516D9742195DFBD0055E52E /* Info.plist */,
			);
			path = "table-ios-tutorial";
			sourceTree = "<group>";
		};
/* End PBXGroup section */

/* Begin PBXNativeTarget section */
		A516D9642195DFBD0055E52E /* table-ios-tutorial */ = {
			isa = PBXNativeTarget;
			buildConfigurationList = A516D9772195DFBD0055E52E /* Build configuration list for PBXNativeTarget "table-ios-tutorial" */;
			buildPhases = (
				A516D9612195DFBD0055E52E /* Sources */,
				A516D9622195DFBD0055E52E /* Frameworks */,
				A516D9632195DFBD0055E52E /* Resources */,
			);
			buildRules = (
			);
			dependencies = (
			);
			name = "table-ios-tutorial";
			productName = "table-ios-tutorial";
			productReference = A516D9652195DFBD0055E52E /* table-ios-tutorial.app */;
			productType = "com.apple.product-type.application";
		};
/* End PBXNativeTarget section */

/* Begin PBXProject section */
		A516D95D2195DFBD0055E52E /* Project object */ = {
			isa = PBXProject;
			attributes = {
				LastSwiftUpdateCheck = 0820;
				LastUpgradeCheck = 0820;
				ORGANIZATIONNAME = "Sushant Sahu";
				TargetAttributes = {
					A516D9642195DFBD0055E52E = {
						CreatedOnToolsVersion = 8.2.1;
						DevelopmentTeam = WC222PPEMH;
						ProvisioningStyle = Automatic;
					};
				};
			};
			buildConfigurationList = A516D9602195DFBD0055E52E /* Build configuration list for PBXProject "table-ios-tutorial" */;
			compatibilityVersion = "Xcode 3.2";
			developmentRegion = English;
			hasScannedForEncodings = 0;
			knownRegions = (
				en,
				Base,
			);
			mainGroup = A516D95C2195DFBD0055E52E;
			productRefGroup = A516D9662195DFBD0055E52E /* Products */;
			projectDirPath = "";
			projectRoot = "";
			targets = (
				A516D9642195DFBD0055E52E /* table-ios-tutorial */,
			);
		};
/* End PBXProject section */

/* Begin PBXResourcesBuildPhase section */
		A516D9632195DFBD0055E52E /* Resources */ = {
			isa = PBXResourcesBuildPhase;
			buildActionMask = 2147483647;
			files = (
				A516D9732195DFBD0055E52E /* LaunchScreen.storyboard in Resources */,
				A516D9702195DFBD0055E52E /* Assets.xcassets in Resources */,
				A516D96E2195DFBD0055E52E /* Main.storyboard in Resources */,
			);
			runOnlyForDeploymentPostprocessing = 0;
		};
/* End PBXResourcesBuildPhase section */

/* Begin PBXSourcesBuildPhase section */
		A516D9612195DFBD0055E52E /* Sources */ = {
			isa = PBXSourcesBuildPhase;
			buildActionMask = 2147483647;
			files = (
				A516D96B2195DFBD0055E52E /* ViewController.swift in Sources */,
				A516D9692195DFBD0055E52E /* AppDelegate.swift in Sources */,
			);
			runOnlyForDeploymentPostprocessing = 0;
		};
/* End PBXSourcesBuildPhase section */

/* Begin PBXVariantGroup section */
		A516D96C2195DFBD0055E52E /* Main.storyboard */ = {
			isa = PBXVariantGroup;
			children = (
				A516D96D2195DFBD0055E52E /* Base */,
			);
			name = Main.storyboard;
			sourceTree = "<group>";
		};
		A516D9712195DFBD0055E52E /* LaunchScreen.storyboard */ = {
			isa = PBXVariantGroup;
			children = (
				A516D9722195DFBD0055E52E /* Base */,
			);
			name = LaunchScreen.storyboard;
			sourceTree = "<group>";
		};
/* End PBXVariantGroup section */

/* Begin XCBuildConfiguration section */
		A516D9752195DFBD0055E52E /* Debug */ = {
			isa = XCBuildConfiguration;
			buildSettings = {
				ALWAYS_SEARCH_USER_PATHS = NO;
				CLANG_ANALYZER_NONNULL = YES;
				CLANG_CXX_LANGUAGE_STANDARD = "gnu++0x";
				CLANG_CXX_LIBRARY = "libc++";
				CLANG_ENABLE_MODULES = YES;
				CLANG_ENABLE_OBJC_ARC = YES;
				CLANG_WARN_BOOL_CONVERSION = YES;
				CLANG_WARN_CONSTANT_CONVERSION = YES;
				CLANG_WARN_DIRECT_OBJC_ISA_USAGE = YES_ERROR;
				CLANG_WARN_DOCUMENTATION_COMMENTS = YES;
				CLANG_WARN_EMPTY_BODY = YES;
				CLANG_WARN_ENUM_CONVERSION = YES;
				CLANG_WARN_INFINITE_RECURSION = YES;
				CLANG_WARN_INT_CONVERSION = YES;
				CLANG_WARN_OBJC_ROOT_CLASS = YES_ERROR;
				CLANG_WARN_SUSPICIOUS_MOVE = YES;
				CLANG_WARN_UNREACHABLE_CODE = YES;
				CLANG_WARN__DUPLICATE_METHOD_MATCH = YES;
				"CODE_SIGN_IDENTITY[sdk=iphoneos*]" = "iPhone Developer";
				COPY_PHASE_STRIP = NO;
				DEBUG_INFORMATION_FORMAT = dwarf;
				ENABLE_STRICT_OBJC_MSGSEND = YES;
				ENABLE_TESTABILITY = YES;
				GCC_C_LANGUAGE_STANDARD = gnu99;
				GCC_DYNAMIC_NO_PIC = NO;
				GCC_NO_COMMON_BLOCKS = YES;
				GCC_OPTIMIZATION_LEVEL = 0;
				GCC_PREPROCESSOR_DEFINITIONS = (
					"DEBUG=1",
					"$(inherited)",
				);
				GCC_WARN_64_TO_32_BIT_CONVERSION = YES;
				GCC_WARN_ABOUT_RETURN_TYPE = YES_ERROR;
				GCC_WARN_UNDECLARED_SELECTOR = YES;
				GCC_WARN_UNINITIALIZED_AUTOS = YES_AGGRESSIVE;
				GCC_WARN_UNUSED_FUNCTION = YES;
				GCC_WARN_UNUSED_VARIABLE = YES;
				IPHONEOS_DEPLOYMENT_TARGET = 10.2;
				MTL_ENABLE_DEBUG_INFO = YES;
				ONLY_ACTIVE_ARCH = YES;
				SDKROOT = iphoneos;
				SWIFT_ACTIVE_COMPILATION_CONDITIONS = DEBUG;
				SWIFT_OPTIMIZATION_LEVEL = "-Onone";
			};
			name = Debug;
		};
		A516D9762195DFBD0055E52E /* Release */ = {
			isa = XCBuildConfiguration;
			buildSettings = {
				ALWAYS_SEARCH_USER_PATHS = NO;
				CLANG_ANALYZER_NONNULL = YES;
				CLANG_CXX_LANGUAGE_STANDARD = "gnu++0x";
				CLANG_CXX_LIBRARY = "libc++";
				CLANG_ENABLE_MODULES = YES;
				CLANG_ENABLE_OBJC_ARC = YES;
				CLANG_WARN_BOOL_CONVERSION = YES;
				CLANG_WARN_CONSTANT_CONVERSION = YES;
				CLANG_WARN_DIRECT_OBJC_ISA_USAGE = YES_ERROR;
				CLANG_WARN_DOCUMENTATION_COMMENTS = YES;
				CLANG_WARN_EMPTY_BODY = YES;
				CLANG_WARN_ENUM_CONVERSION = YES;
				CLANG_WARN_INFINITE_RECURSION = YES;
				CLANG_WARN_INT_CONVERSION = YES;
				CLANG_WARN_OBJC_ROOT_CLASS = YES_ERROR;
				CLANG_WARN_SUSPICIOUS_MOVE = YES;
				CLANG_WARN_UNREACHABLE_CODE = YES;
				CLANG_WARN__DUPLICATE_METHOD_MATCH = YES;
				"CODE_SIGN_IDENTITY[sdk=iphoneos*]" = "iPhone Developer";
				COPY_PHASE_STRIP = NO;
				DEBUG_INFORMATION_FORMAT = "dwarf-with-dsym";
				ENABLE_NS_ASSERTIONS = NO;
				ENABLE_STRICT_OBJC_MSGSEND = YES;
				GCC_C_LANGUAGE_STANDARD = gnu99;
				GCC_NO_COMMON_BLOCKS = YES;
				GCC_WARN_64_TO_32_BIT_CONVERSION = YES;
				GCC_WARN_ABOUT_RETURN_TYPE = YES_ERROR;
				GCC_WARN_UNDECLARED_SELECTOR = YES;
				GCC_WARN_UNINITIALIZED_AUTOS = YES_AGGRESSIVE;
				GCC_WARN_UNUSED_FUNCTION = YES;
				GCC_WARN_UNUSED_VARIABLE = YES;
				IPHONEOS_DEPLOYMENT_TARGET = 10.2;
				MTL_ENABLE_DEBUG_INFO = NO;
				SDKROOT = iphoneos;
				SWIFT_OPTIMIZATION_LEVEL = "-Owholemodule";
				VALIDATE_PRODUCT = YES;
			};
			name = Release;
		};
		A516D9782195DFBD0055E52E /* Debug */ = {
			isa = XCBuildConfiguration;
			buildSettings = {
				ASSETCATALOG_COMPILER_APPICON_NAME = AppIcon;
				DEVELOPMENT_TEAM = WC222PPEMH;
				INFOPLIST_FILE = "table-ios-tutorial/Info.plist";
				LD_RUNPATH_SEARCH_PATHS = "$(inherited) @executable_path/Frameworks";
				PRODUCT_BUNDLE_IDENTIFIER = "com.tachyonic.table-ios-tutorial";
				PRODUCT_NAME = "$(TARGET_NAME)";
				SWIFT_VERSION = 3.0;
			};
			name = Debug;
		};
		A516D9792195DFBD0055E52E /* Release */ = {
			isa = XCBuildConfiguration;
			buildSettings = {
				ASSETCATALOG_COMPILER_APPICON_NAME = AppIcon;
				DEVELOPMENT_TEAM = WC222PPEMH;
				INFOPLIST_FILE = "table-ios-tutorial/Info.plist";
				LD_RUNPATH_SEARCH_PATHS = "$(inherited) @executable_path/Frameworks";
				PRODUCT_BUNDLE_IDENTIFIER = "com.tachyonic.table-ios-tutorial";
				PRODUCT_NAME = "$(TARGET_NAME)";
				SWIFT_VERSION = 3.0;
			};
			name = Release;
		};
/* End XCBuildConfiguration section */

/* Begin XCConfigurationList section */
		A516D9602195DFBD0055E52E /* Build configuration list for PBXProject "table-ios-tutorial" */ = {
			isa = XCConfigurationList;
			buildConfigurations = (
				A516D9752195DFBD0055E52E /* Debug */,
				A516D9762195DFBD0055E52E /* Release */,
			);
			defaultConfigurationIsVisible = 0;
			defaultConfigurationName = Release;
		};
		A516D9772195DFBD0055E52E /* Build configuration list for PBXNativeTarget "table-ios-tutorial" */ = {
			isa = XCConfigurationList;
			buildConfigurations = (
				A516D9782195DFBD0055E52E /* Debug */,
				A516D9792195DFBD0055E52E /* Release */,
			);
			defaultConfigurationIsVisible = 0;
		};
/* End XCConfigurationList section */
	};
	rootObject = A516D95D2195DFBD0055E52E /* Project object */;
}
